fec_candidate_id: H6NJ02251
bio:
  high_school:
    value: "Wildwood Catholic Academy"
    source_url: "https://ballotpedia.org/Zack_Mullock"
    snippet: "Zack Mullock earned a high school diploma from the Wildwood Catholic Academy"
  college:
    value: "Bachelor's degree, Mount Saint Mary's University (2008); graduate degree, Saint Joseph's University (2010)"
    source_url: "https://ballotpedia.org/Zack_Mullock"
    snippet: "a bachelor's degree from Mount Saint Mary's University in 2008, and a graduate degree from Saint Joseph's University in 2010."
  employment_record:
    value: "Mayor of Cape May (6 years, elected 3 times); Cape May City Council (8 years)"
    source_url: "https://ballotpedia.org/New_Jersey%27s_2nd_Congressional_District_election,_2026"
    snippet: "I have been on the Cape May City Council for eight years, Mayor for six, elected three times."
  marital_status:
    value: "Married (wife: Justine); three children (Bobby, Tallulah, James)"
    source_url: "https://ballotpedia.org/New_Jersey%27s_2nd_Congressional_District_election,_2026"
    snippet: "My wife Justine and I are raising our family here in South Jersey. We have three children Bobby, Tallulah, and James (ages 7, 10, and 12)."
  civic_affiliations:
    value: "Co-founder, Harriet Tubman Museum and Cape May Point Arts and Science Center; helped restore the Macedonia Baptist Church parsonage; served on the Atlantic Cape Community College Foundation Board and the United States Coast Guard Community Foundation"
    source_url: "https://ballotpedia.org/New_Jersey%27s_2nd_Congressional_District_election,_2026"
    snippet: "Outside of being Mayor I helped found and build the Harriet Tubman Museum and the Cape May Point Arts and Science Center. I was proud to work with many volunteer community members to restore the historic parsonage of the Macedonia Baptist Church to become I have proudly served on the Atlantic Cape Community College Foundation Board and the United States Coast Guard Community Foundation for years."
